{
  "nodes": {
    "mkflake": {
      "locked": {
        "lastModified": 1712284878,
        "narHash": "sha256-66dqRuL4kQw9r/xthE7RbTdaszwUZLdjwFwFloeu6NI=",
        "owner": "jonascarpay",
        "repo": "mkflake",
        "rev": "eb1172a9cd34e0a42848e787fb11a673f658c9e2",
        "type": "github"
      },
      "original": {
        "owner": "jonascarpay",
        "repo": "mkflake",
        "type": "github"
      }
    },
    "nixpkgs": {
      "locked": {
        "lastModified": 1787398112,
        "narHash": "sha256-KWd88y7sYS++rg4bT//VTu82oCZ+y6edZLg0pWRAdG8=",
        "owner": "NixOS",
        "repo": "nixpkgs",
        "rev": "2569049b45fb0fa3dbae9a5cd8856acedf0f16ce",
        "type": "github"
      },
      "original": {
        "owner": "NixOS",
        "repo": "nixpkgs",
        "type": "github"
      }
    },
    "root": {
      "inputs": {
        "mkflake": "mkflake",
        "nixpkgs": "nixpkgs"
      }
    }
  },
  "root": "root",
  "version": 7
}
